
Microsoft Visual Studio Solution File, Format Version 12.00
# Visual Studio Version 17
VisualStudioVersion = 17.4.33213.308
MinimumVisualStudioVersion = 10.0.40219.1
Project("{2150E333-8FDC-42A3-9474-1A3956D46DE8}") = "Creational Patterns", "Creational Patterns", "{931B8CBC-C5FD-4425-B84E-94AF5A4C7F45}"
EndProject
Project("{2150E333-8FDC-42A3-9474-1A3956D46DE8}") = "Structueral Patterns", "Structueral Patterns", "{FDFCBC68-DAC9-4495-A3DF-5832FB982374}"
EndProject
Project("{2150E333-8FDC-42A3-9474-1A3956D46DE8}") = "Behavioral Patterns", "Behavioral Patterns", "{8E3576CB-7839-4314-A58B-2EAA138AB527}"
EndProject
Project("{2150E333-8FDC-42A3-9474-1A3956D46DE8}") = "Composite", "Composite", "{52174505-388C-4293-AC11-619E8A713DA3}"
EndProject
Project("{9A19103F-16F7-4668-BE54-9A1E7A4F7556}") = "Menu", "Menu\Menu.csproj", "{5B34901C-1FC8-4E07-A4C3-6EF8ABE5234F}"
EndProject
Project("{9A19103F-16F7-4668-BE54-9A1E7A4F7556}") = "Menu.Test", "Menu.Test\Menu.Test.csproj", "{FEBB651D-2281-40F8-B8DD-0D63A2954E21}"
EndProject
Project("{2150E333-8FDC-42A3-9474-1A3956D46DE8}") = "MenuProject", "MenuProject", "{30878F4A-DD9E-41A6-885B-8B6E0ADA77CA}"
EndProject
Project("{2150E333-8FDC-42A3-9474-1A3956D46DE8}") = "DirectoryProject", "DirectoryProject", "{01CF2FC9-9830-4399-A5A0-A9DF06118E4C}"
EndProject
Project("{9A19103F-16F7-4668-BE54-9A1E7A4F7556}") = "Directory", "Directory\Directory.csproj", "{C59891E4-6D73-4F85-A59A-B4B92CB8FD69}"
EndProject
Project("{9A19103F-16F7-4668-BE54-9A1E7A4F7556}") = "Directory.Test", "Directory.Test\Directory.Test.csproj", "{F8BB9319-1859-4275-8C45-5853E51D3786}"
EndProject
Project("{2150E333-8FDC-42A3-9474-1A3956D46DE8}") = "MediaProject", "MediaProject", "{60E24D31-A4F5-4F4D-A2AB-313A1D1B3430}"
EndProject
Project("{9A19103F-16F7-4668-BE54-9A1E7A4F7556}") = "Media", "Media\Media.csproj", "{175922E3-9896-4561-AD5B-80336DB0DCBB}"
EndProject
Project("{9A19103F-16F7-4668-BE54-9A1E7A4F7556}") = "Media.Test", "Media.Test\Media.Test.csproj", "{F740E44A-1A2D-491D-9A9C-3CE204D62ADA}"
EndProject
Project("{2150E333-8FDC-42A3-9474-1A3956D46DE8}") = "Builder", "Builder", "{05A0AFE3-EA6C-41E4-8438-10DE24701DDB}"
EndProject
Project("{9A19103F-16F7-4668-BE54-9A1E7A4F7556}") = "PhoneGenerator", "PhoneGenerator\PhoneGenerator.csproj", "{7D7903CE-5D1B-44B7-ABEE-E73ADC58C0A7}"
EndProject
Project("{2150E333-8FDC-42A3-9474-1A3956D46DE8}") = "PhoneProject", "PhoneProject", "{F00EF28A-FA63-4C48-BBB0-2F8AA62D9F8D}"
EndProject
Project("{9A19103F-16F7-4668-BE54-9A1E7A4F7556}") = "PhoneGenerator.Test", "PhoneGenerator.Test\PhoneGenerator.Test.csproj", "{877D5D14-6D0B-4A1A-B882-58FCDE8E24AE}"
EndProject
Project("{2150E333-8FDC-42A3-9474-1A3956D46DE8}") = "MazeProject", "MazeProject", "{090145E6-4362-499C-B113-872253DC44C0}"
EndProject
Project("{9A19103F-16F7-4668-BE54-9A1E7A4F7556}") = "MazeGame", "MazeGame\MazeGame.csproj", "{3335006E-18AA-455D-90BC-E4F1A428AFF7}"
EndProject
Project("{2150E333-8FDC-42A3-9474-1A3956D46DE8}") = "ReportingProject", "ReportingProject", "{14A62F7F-4EDC-450B-BDAD-BF1B509E6A28}"
EndProject
Project("{9A19103F-16F7-4668-BE54-9A1E7A4F7556}") = "Reporting", "Reporting\Reporting.csproj", "{BC5F5712-BE4E-4151-A22F-423EEF97A6D7}"
EndProject
Project("{9A19103F-16F7-4668-BE54-9A1E7A4F7556}") = "Documentation", "Documentation\Documentation.csproj", "{54E67901-0F23-4407-9706-275025C36FFA}"
EndProject
Project("{2150E333-8FDC-42A3-9474-1A3956D46DE8}") = "FactoryMethod", "FactoryMethod", "{23FC3E09-3013-4C06-9A91-3BDA94EBD13F}"
EndProject
Project("{9A19103F-16F7-4668-BE54-9A1E7A4F7556}") = "DoorManufacturer", "DoorManufacturer\DoorManufacturer.csproj", "{A7AA2E1A-68EE-42D6-BF83-C816A1192CD3}"
EndProject
Project("{2150E333-8FDC-42A3-9474-1A3956D46DE8}") = "Proxy", "Proxy", "{8CE9C222-A3F5-4708-9465-EE15F61E17CB}"
EndProject
Project("{9A19103F-16F7-4668-BE54-9A1E7A4F7556}") = "GISProject", "GISProject\GISProject.csproj", "{ECCA7A7B-F3B8-4BC8-9C25-1AA8701431D3}"
EndProject
Project("{9A19103F-16F7-4668-BE54-9A1E7A4F7556}") = "GISProject.Test", "GISProject.Test\GISProject.Test.csproj", "{915AD32E-3113-4483-9DB7-21B7DD25E4E6}"
EndProject
Project("{2150E333-8FDC-42A3-9474-1A3956D46DE8}") = "Flyweight", "Flyweight", "{14250E82-979A-4242-9E19-8C966643FB9D}"
EndProject
Project("{9A19103F-16F7-4668-BE54-9A1E7A4F7556}") = "TreeProject", "TreeProject\TreeProject.csproj", "{7D9E41A8-CD8F-465C-A278-D81769A0C55D}"
EndProject
Project("{9A19103F-16F7-4668-BE54-9A1E7A4F7556}") = "TreeProject.Test", "TreeProject.Test\TreeProject.Test.csproj", "{9E3DCC91-04A1-4504-8E19-571D3CB1455D}"
EndProject
Project("{2150E333-8FDC-42A3-9474-1A3956D46DE8}") = "TreeCreatorProject", "TreeCreatorProject", "{D2C08F41-EB30-477A-9E94-C0E401403549}"
EndProject
Project("{2150E333-8FDC-42A3-9474-1A3956D46DE8}") = "GISCashingProject", "GISCashingProject", "{E0D54713-C7EA-485B-8EB3-B97DFE1E2808}"
EndProject
Project("{2150E333-8FDC-42A3-9474-1A3956D46DE8}") = "DoorGenrator", "DoorGenrator", "{579D95CF-AF85-4854-A50C-FCF2662A1CE7}"
EndProject
Project("{2150E333-8FDC-42A3-9474-1A3956D46DE8}") = "Facade", "Facade", "{5951ECFE-94A9-430D-8F41-64B2EF013E4C}"
EndProject
Project("{9A19103F-16F7-4668-BE54-9A1E7A4F7556}") = "ServiceBacnkProject", "ServiceBacnkProject\ServiceBacnkProject.csproj", "{053B6020-FF25-407D-9786-42D7B7DBA5AB}"
EndProject
Project("{2150E333-8FDC-42A3-9474-1A3956D46DE8}") = "ServiceBankProject", "ServiceBankProject", "{1BDBF10D-75C6-4C58-B119-A978178DD554}"
EndProject
Project("{2150E333-8FDC-42A3-9474-1A3956D46DE8}") = "TicketAirProject", "TicketAirProject", "{FEB14FC4-AC3F-43A3-B8E9-1A41B3650B36}"
EndProject
Project("{9A19103F-16F7-4668-BE54-9A1E7A4F7556}") = "TicketAir", "TicketAir\TicketAir.csproj", "{CDC38848-35C1-4A99-96ED-4767BF821441}"
EndProject
Project("{2150E333-8FDC-42A3-9474-1A3956D46DE8}") = "Design", "Design", "{55726360-3C66-4596-B80E-D730B457597A}"
EndProject
Project("{2150E333-8FDC-42A3-9474-1A3956D46DE8}") = "Composition Over Inheritance", "Composition Over Inheritance", "{301FEAD2-5A26-4720-A19D-2CDB5B2F261B}"
EndProject
Project("{FAE04EC0-301F-11D3-BF4B-00C04F79EFBC}") = "CompositionOverInheritance", "CompositionOverInheritance\CompositionOverInheritance.csproj", "{4FB89F56-ED49-4BA0-95CF-D643148C1CF4}"
EndProject
Project("{FAE04EC0-301F-11D3-BF4B-00C04F79EFBC}") = "ComputerStore", "ComputerStore\ComputerStore.csproj", "{0CFA50D6-10F9-40F8-B251-50A60FD88C4C}"
EndProject
Project("{FAE04EC0-301F-11D3-BF4B-00C04F79EFBC}") = "CustomHttpClientRequestBuilder", "CustomHttpClientRequestBuilder\CustomHttpClientRequestBuilder.csproj", "{B7D835BE-1AA8-4D38-BF5A-477A34203335}"
EndProject
Project("{2150E333-8FDC-42A3-9474-1A3956D46DE8}") = "Simple Factory", "Simple Factory", "{20AA8598-B36C-4BE2-9367-8F7E36C00E7F}"
EndProject
Project("{FAE04EC0-301F-11D3-BF4B-00C04F79EFBC}") = "PizaShop", "PizaShop\PizaShop.csproj", "{23D86FE5-F8C0-4837-B6B6-F5B2CF40D46F}"
EndProject
Project("{FAE04EC0-301F-11D3-BF4B-00C04F79EFBC}") = "PizzaShopFactoryMethod", "PizzaShopFactoryMethod\PizzaShopFactoryMethod.csproj", "{2DB7C556-CE07-440A-8856-3FC4037F0B10}"
EndProject
Project("{2150E333-8FDC-42A3-9474-1A3956D46DE8}") = "AbstractFactory", "AbstractFactory", "{A2DC5A7D-C370-4D53-B9B9-174E3001BE10}"
EndProject
Project("{FAE04EC0-301F-11D3-BF4B-00C04F79EFBC}") = "TableFactory", "TableFactory\TableFactory.csproj", "{9C996B07-A043-4152-A66D-6057782F0A97}"
EndProject
Project("{2150E333-8FDC-42A3-9474-1A3956D46DE8}") = "Prototype", "Prototype", "{E33E6498-E755-474B-92F8-346EBD1BB27E}"
EndProject
Project("{2150E333-8FDC-42A3-9474-1A3956D46DE8}") = "Singleton", "Singleton", "{E516992B-FFD5-4BC8-A32B-8FCA7029EC6B}"
EndProject
Project("{2150E333-8FDC-42A3-9474-1A3956D46DE8}") = "Adapter", "Adapter", "{C3DA89A9-60FF-4888-941C-EC31BAA74152}"
EndProject
Project("{FAE04EC0-301F-11D3-BF4B-00C04F79EFBC}") = "MessageSender", "MessageSender\MessageSender.csproj", "{27560A5B-D884-4C8D-8283-0665C7809BA2}"
EndProject
Project("{2150E333-8FDC-42A3-9474-1A3956D46DE8}") = "Bridge", "Bridge", "{72CCF5A3-BAC8-4A5F-B67B-73E90AF13D34}"
EndProject
Project("{FAE04EC0-301F-11D3-BF4B-00C04F79EFBC}") = "CarSample", "CarSample\CarSample.csproj", "{441F6030-9C92-4A61-80A4-6CBBDB50AB89}"
EndProject
Project("{2150E333-8FDC-42A3-9474-1A3956D46DE8}") = "SpacificationPattern", "SpacificationPattern", "{D4F9CCBE-6554-48A1-B7B7-360099A44201}"
EndProject
Project("{FAE04EC0-301F-11D3-BF4B-00C04F79EFBC}") = "UserSearch", "UserSearch\UserSearch.csproj", "{B9126121-F034-4577-BB41-7BD9F65973CB}"
EndProject
Project("{FAE04EC0-301F-11D3-BF4B-00C04F79EFBC}") = "SeedData", "SeedData\SeedData.csproj", "{E5C7A5BC-7118-4C25-B312-B958ED0F2915}"
EndProject
Project("{2150E333-8FDC-42A3-9474-1A3956D46DE8}") = "ChainOfResponsiblity", "ChainOfResponsiblity", "{82B957A3-133B-47BB-BFB8-5E2E52006B80}"
EndProject
Project("{FAE04EC0-301F-11D3-BF4B-00C04F79EFBC}") = "ChainOfResponsiblity", "ChainOfResponsiblity\ChainOfResponsiblity.csproj", "{B87FF00A-A0FA-45F1-979D-06894FC4C3EA}"
EndProject
Global
	GlobalSection(SolutionConfigurationPlatforms) = preSolution
		Debug|Any CPU = Debug|Any CPU
		Release|Any CPU = Release|Any CPU
	EndGlobalSection
	GlobalSection(ProjectConfigurationPlatforms) = postSolution
		{5B34901C-1FC8-4E07-A4C3-6EF8ABE5234F}.Debug|Any CPU.ActiveCfg = Debug|Any CPU
		{5B34901C-1FC8-4E07-A4C3-6EF8ABE5234F}.Debug|Any CPU.Build.0 = Debug|Any CPU
		{5B34901C-1FC8-4E07-A4C3-6EF8ABE5234F}.Release|Any CPU.ActiveCfg = Release|Any CPU
		{5B34901C-1FC8-4E07-A4C3-6EF8ABE5234F}.Release|Any CPU.Build.0 = Release|Any CPU
		{FEBB651D-2281-40F8-B8DD-0D63A2954E21}.Debug|Any CPU.ActiveCfg = Debug|Any CPU
		{FEBB651D-2281-40F8-B8DD-0D63A2954E21}.Debug|Any CPU.Build.0 = Debug|Any CPU
		{FEBB651D-2281-40F8-B8DD-0D63A2954E21}.Release|Any CPU.ActiveCfg = Release|Any CPU
		{FEBB651D-2281-40F8-B8DD-0D63A2954E21}.Release|Any CPU.Build.0 = Release|Any CPU
		{C59891E4-6D73-4F85-A59A-B4B92CB8FD69}.Debug|Any CPU.ActiveCfg = Debug|Any CPU
		{C59891E4-6D73-4F85-A59A-B4B92CB8FD69}.Debug|Any CPU.Build.0 = Debug|Any CPU
		{C59891E4-6D73-4F85-A59A-B4B92CB8FD69}.Release|Any CPU.ActiveCfg = Release|Any CPU
		{C59891E4-6D73-4F85-A59A-B4B92CB8FD69}.Release|Any CPU.Build.0 = Release|Any CPU
		{F8BB9319-1859-4275-8C45-5853E51D3786}.Debug|Any CPU.ActiveCfg = Debug|Any CPU
		{F8BB9319-1859-4275-8C45-5853E51D3786}.Debug|Any CPU.Build.0 = Debug|Any CPU
		{F8BB9319-1859-4275-8C45-5853E51D3786}.Release|Any CPU.ActiveCfg = Release|Any CPU
		{F8BB9319-1859-4275-8C45-5853E51D3786}.Release|Any CPU.Build.0 = Release|Any CPU
		{175922E3-9896-4561-AD5B-80336DB0DCBB}.Debug|Any CPU.ActiveCfg = Debug|Any CPU
		{175922E3-9896-4561-AD5B-80336DB0DCBB}.Debug|Any CPU.Build.0 = Debug|Any CPU
		{175922E3-9896-4561-AD5B-80336DB0DCBB}.Release|Any CPU.ActiveCfg = Release|Any CPU
		{175922E3-9896-4561-AD5B-80336DB0DCBB}.Release|Any CPU.Build.0 = Release|Any CPU
		{F740E44A-1A2D-491D-9A9C-3CE204D62ADA}.Debug|Any CPU.ActiveCfg = Debug|Any CPU
		{F740E44A-1A2D-491D-9A9C-3CE204D62ADA}.Debug|Any CPU.Build.0 = Debug|Any CPU
		{F740E44A-1A2D-491D-9A9C-3CE204D62ADA}.Release|Any CPU.ActiveCfg = Release|Any CPU
		{F740E44A-1A2D-491D-9A9C-3CE204D62ADA}.Release|Any CPU.Build.0 = Release|Any CPU
		{7D7903CE-5D1B-44B7-ABEE-E73ADC58C0A7}.Debug|Any CPU.ActiveCfg = Debug|Any CPU
		{7D7903CE-5D1B-44B7-ABEE-E73ADC58C0A7}.Debug|Any CPU.Build.0 = Debug|Any CPU
		{7D7903CE-5D1B-44B7-ABEE-E73ADC58C0A7}.Release|Any CPU.ActiveCfg = Release|Any CPU
		{7D7903CE-5D1B-44B7-ABEE-E73ADC58C0A7}.Release|Any CPU.Build.0 = Release|Any CPU
		{877D5D14-6D0B-4A1A-B882-58FCDE8E24AE}.Debug|Any CPU.ActiveCfg = Debug|Any CPU
		{877D5D14-6D0B-4A1A-B882-58FCDE8E24AE}.Debug|Any CPU.Build.0 = Debug|Any CPU
		{877D5D14-6D0B-4A1A-B882-58FCDE8E24AE}.Release|Any CPU.ActiveCfg = Release|Any CPU
		{877D5D14-6D0B-4A1A-B882-58FCDE8E24AE}.Release|Any CPU.Build.0 = Release|Any CPU
		{3335006E-18AA-455D-90BC-E4F1A428AFF7}.Debug|Any CPU.ActiveCfg = Debug|Any CPU
		{3335006E-18AA-455D-90BC-E4F1A428AFF7}.Debug|Any CPU.Build.0 = Debug|Any CPU
		{3335006E-18AA-455D-90BC-E4F1A428AFF7}.Release|Any CPU.ActiveCfg = Release|Any CPU
		{3335006E-18AA-455D-90BC-E4F1A428AFF7}.Release|Any CPU.Build.0 = Release|Any CPU
		{BC5F5712-BE4E-4151-A22F-423EEF97A6D7}.Debug|Any CPU.ActiveCfg = Debug|Any CPU
		{BC5F5712-BE4E-4151-A22F-423EEF97A6D7}.Debug|Any CPU.Build.0 = Debug|Any CPU
		{BC5F5712-BE4E-4151-A22F-423EEF97A6D7}.Release|Any CPU.ActiveCfg = Release|Any CPU
		{BC5F5712-BE4E-4151-A22F-423EEF97A6D7}.Release|Any CPU.Build.0 = Release|Any CPU
		{54E67901-0F23-4407-9706-275025C36FFA}.Debug|Any CPU.ActiveCfg = Debug|Any CPU
		{54E67901-0F23-4407-9706-275025C36FFA}.Debug|Any CPU.Build.0 = Debug|Any CPU
		{54E67901-0F23-4407-9706-275025C36FFA}.Release|Any CPU.ActiveCfg = Release|Any CPU
		{54E67901-0F23-4407-9706-275025C36FFA}.Release|Any CPU.Build.0 = Release|Any CPU
		{A7AA2E1A-68EE-42D6-BF83-C816A1192CD3}.Debug|Any CPU.ActiveCfg = Debug|Any CPU
		{A7AA2E1A-68EE-42D6-BF83-C816A1192CD3}.Debug|Any CPU.Build.0 = Debug|Any CPU
		{A7AA2E1A-68EE-42D6-BF83-C816A1192CD3}.Release|Any CPU.ActiveCfg = Release|Any CPU
		{A7AA2E1A-68EE-42D6-BF83-C816A1192CD3}.Release|Any CPU.Build.0 = Release|Any CPU
		{ECCA7A7B-F3B8-4BC8-9C25-1AA8701431D3}.Debug|Any CPU.ActiveCfg = Debug|Any CPU
		{ECCA7A7B-F3B8-4BC8-9C25-1AA8701431D3}.Debug|Any CPU.Build.0 = Debug|Any CPU
		{ECCA7A7B-F3B8-4BC8-9C25-1AA8701431D3}.Release|Any CPU.ActiveCfg = Release|Any CPU
		{ECCA7A7B-F3B8-4BC8-9C25-1AA8701431D3}.Release|Any CPU.Build.0 = Release|Any CPU
		{915AD32E-3113-4483-9DB7-21B7DD25E4E6}.Debug|Any CPU.ActiveCfg = Debug|Any CPU
		{915AD32E-3113-4483-9DB7-21B7DD25E4E6}.Debug|Any CPU.Build.0 = Debug|Any CPU
		{915AD32E-3113-4483-9DB7-21B7DD25E4E6}.Release|Any CPU.ActiveCfg = Release|Any CPU
		{915AD32E-3113-4483-9DB7-21B7DD25E4E6}.Release|Any CPU.Build.0 = Release|Any CPU
		{7D9E41A8-CD8F-465C-A278-D81769A0C55D}.Debug|Any CPU.ActiveCfg = Debug|Any CPU
		{7D9E41A8-CD8F-465C-A278-D81769A0C55D}.Debug|Any CPU.Build.0 = Debug|Any CPU
		{7D9E41A8-CD8F-465C-A278-D81769A0C55D}.Release|Any CPU.ActiveCfg = Release|Any CPU
		{7D9E41A8-CD8F-465C-A278-D81769A0C55D}.Release|Any CPU.Build.0 = Release|Any CPU
		{9E3DCC91-04A1-4504-8E19-571D3CB1455D}.Debug|Any CPU.ActiveCfg = Debug|Any CPU
		{9E3DCC91-04A1-4504-8E19-571D3CB1455D}.Debug|Any CPU.Build.0 = Debug|Any CPU
		{9E3DCC91-04A1-4504-8E19-571D3CB1455D}.Release|Any CPU.ActiveCfg = Release|Any CPU
		{9E3DCC91-04A1-4504-8E19-571D3CB1455D}.Release|Any CPU.Build.0 = Release|Any CPU
		{053B6020-FF25-407D-9786-42D7B7DBA5AB}.Debug|Any CPU.ActiveCfg = Debug|Any CPU
		{053B6020-FF25-407D-9786-42D7B7DBA5AB}.Debug|Any CPU.Build.0 = Debug|Any CPU
		{053B6020-FF25-407D-9786-42D7B7DBA5AB}.Release|Any CPU.ActiveCfg = Release|Any CPU
		{053B6020-FF25-407D-9786-42D7B7DBA5AB}.Release|Any CPU.Build.0 = Release|Any CPU
		{CDC38848-35C1-4A99-96ED-4767BF821441}.Debug|Any CPU.ActiveCfg = Debug|Any CPU
		{CDC38848-35C1-4A99-96ED-4767BF821441}.Debug|Any CPU.Build.0 = Debug|Any CPU
		{CDC38848-35C1-4A99-96ED-4767BF821441}.Release|Any CPU.ActiveCfg = Release|Any CPU
		{CDC38848-35C1-4A99-96ED-4767BF821441}.Release|Any CPU.Build.0 = Release|Any CPU
		{4FB89F56-ED49-4BA0-95CF-D643148C1CF4}.Debug|Any CPU.ActiveCfg = Debug|Any CPU
		{4FB89F56-ED49-4BA0-95CF-D643148C1CF4}.Debug|Any CPU.Build.0 = Debug|Any CPU
		{4FB89F56-ED49-4BA0-95CF-D643148C1CF4}.Release|Any CPU.ActiveCfg = Release|Any CPU
		{4FB89F56-ED49-4BA0-95CF-D643148C1CF4}.Release|Any CPU.Build.0 = Release|Any CPU
		{0CFA50D6-10F9-40F8-B251-50A60FD88C4C}.Debug|Any CPU.ActiveCfg = Debug|Any CPU
		{0CFA50D6-10F9-40F8-B251-50A60FD88C4C}.Debug|Any CPU.Build.0 = Debug|Any CPU
		{0CFA50D6-10F9-40F8-B251-50A60FD88C4C}.Release|Any CPU.ActiveCfg = Release|Any CPU
		{0CFA50D6-10F9-40F8-B251-50A60FD88C4C}.Release|Any CPU.Build.0 = Release|Any CPU
		{B7D835BE-1AA8-4D38-BF5A-477A34203335}.Debug|Any CPU.ActiveCfg = Debug|Any CPU
		{B7D835BE-1AA8-4D38-BF5A-477A34203335}.Debug|Any CPU.Build.0 = Debug|Any CPU
		{B7D835BE-1AA8-4D38-BF5A-477A34203335}.Release|Any CPU.ActiveCfg = Release|Any CPU
		{B7D835BE-1AA8-4D38-BF5A-477A34203335}.Release|Any CPU.Build.0 = Release|Any CPU
		{23D86FE5-F8C0-4837-B6B6-F5B2CF40D46F}.Debug|Any CPU.ActiveCfg = Debug|Any CPU
		{23D86FE5-F8C0-4837-B6B6-F5B2CF40D46F}.Debug|Any CPU.Build.0 = Debug|Any CPU
		{23D86FE5-F8C0-4837-B6B6-F5B2CF40D46F}.Release|Any CPU.ActiveCfg = Release|Any CPU
		{23D86FE5-F8C0-4837-B6B6-F5B2CF40D46F}.Release|Any CPU.Build.0 = Release|Any CPU
		{2DB7C556-CE07-440A-8856-3FC4037F0B10}.Debug|Any CPU.ActiveCfg = Debug|Any CPU
		{2DB7C556-CE07-440A-8856-3FC4037F0B10}.Debug|Any CPU.Build.0 = Debug|Any CPU
		{2DB7C556-CE07-440A-8856-3FC4037F0B10}.Release|Any CPU.ActiveCfg = Release|Any CPU
		{2DB7C556-CE07-440A-8856-3FC4037F0B10}.Release|Any CPU.Build.0 = Release|Any CPU
		{9C996B07-A043-4152-A66D-6057782F0A97}.Debug|Any CPU.ActiveCfg = Debug|Any CPU
		{9C996B07-A043-4152-A66D-6057782F0A97}.Debug|Any CPU.Build.0 = Debug|Any CPU
		{9C996B07-A043-4152-A66D-6057782F0A97}.Release|Any CPU.ActiveCfg = Release|Any CPU
		{9C996B07-A043-4152-A66D-6057782F0A97}.Release|Any CPU.Build.0 = Release|Any CPU
		{27560A5B-D884-4C8D-8283-0665C7809BA2}.Debug|Any CPU.ActiveCfg = Debug|Any CPU
		{27560A5B-D884-4C8D-8283-0665C7809BA2}.Debug|Any CPU.Build.0 = Debug|Any CPU
		{27560A5B-D884-4C8D-8283-0665C7809BA2}.Release|Any CPU.ActiveCfg = Release|Any CPU
		{27560A5B-D884-4C8D-8283-0665C7809BA2}.Release|Any CPU.Build.0 = Release|Any CPU
		{441F6030-9C92-4A61-80A4-6CBBDB50AB89}.Debug|Any CPU.ActiveCfg = Debug|Any CPU
		{441F6030-9C92-4A61-80A4-6CBBDB50AB89}.Debug|Any CPU.Build.0 = Debug|Any CPU
		{441F6030-9C92-4A61-80A4-6CBBDB50AB89}.Release|Any CPU.ActiveCfg = Release|Any CPU
		{441F6030-9C92-4A61-80A4-6CBBDB50AB89}.Releayse|Any CPU.Build.0 = Release|Any CPU
		{B9126121-F034-4577-BB41-7BD9F65973CB}.Debug|Any CPU.ActiveCfg = Debug|Any CPU
		{B9126121-F034-4577-BB41-7BD9F65973CB}.Debug|Any CPU.Build.0 = Debug|Any CPU
		{B9126121-F034-4577-BB41-7BD9F65973CB}.Release|Any CPU.ActiveCfg = Release|Any CPU
		{B9126121-F034-4577-BB41-7BD9F65973CB}.Release|Any CPU.Build.0 = Release|Any CPU
		{E5C7A5BC-7118-4C25-B312-B958ED0F2915}.Debug|Any CPU.ActiveCfg = Debug|Any CPU
		{E5C7A5BC-7118-4C25-B312-B958ED0F2915}.Debug|Any CPU.Build.0 = Debug|Any CPU
		{E5C7A5BC-7118-4C25-B312-B958ED0F2915}.Release|Any CPU.ActiveCfg = Release|Any CPU
		{E5C7A5BC-7118-4C25-B312-B958ED0F2915}.Release|Any CPU.Build.0 = Release|Any CPU
		{B87FF00A-A0FA-45F1-979D-06894FC4C3EA}.Debug|Any CPU.ActiveCfg = Debug|Any CPU
		{B87FF00A-A0FA-45F1-979D-06894FC4C3EA}.Debug|Any CPU.Build.0 = Debug|Any CPU
		{B87FF00A-A0FA-45F1-979D-06894FC4C3EA}.Release|Any CPU.ActiveCfg = Release|Any CPU
		{B87FF00A-A0FA-45F1-979D-06894FC4C3EA}.Release|Any CPU.Build.0 = Release|Any CPU
	EndGlobalSection
	GlobalSection(SolutionProperties) = preSolution
		HideSolutionNode = FALSE
	EndGlobalSection
	GlobalSection(NestedProjects) = preSolution
		{52174505-388C-4293-AC11-619E8A713DA3} = {FDFCBC68-DAC9-4495-A3DF-5832FB982374}
		{5B34901C-1FC8-4E07-A4C3-6EF8ABE5234F} = {30878F4A-DD9E-41A6-885B-8B6E0ADA77CA}
		{FEBB651D-2281-40F8-B8DD-0D63A2954E21} = {30878F4A-DD9E-41A6-885B-8B6E0ADA77CA}
		{30878F4A-DD9E-41A6-885B-8B6E0ADA77CA} = {52174505-388C-4293-AC11-619E8A713DA3}
		{01CF2FC9-9830-4399-A5A0-A9DF06118E4C} = {52174505-388C-4293-AC11-619E8A713DA3}
		{C59891E4-6D73-4F85-A59A-B4B92CB8FD69} = {01CF2FC9-9830-4399-A5A0-A9DF06118E4C}
		{F8BB9319-1859-4275-8C45-5853E51D3786} = {01CF2FC9-9830-4399-A5A0-A9DF06118E4C}
		{60E24D31-A4F5-4F4D-A2AB-313A1D1B3430} = {52174505-388C-4293-AC11-619E8A713DA3}
		{175922E3-9896-4561-AD5B-80336DB0DCBB} = {60E24D31-A4F5-4F4D-A2AB-313A1D1B3430}
		{F740E44A-1A2D-491D-9A9C-3CE204D62ADA} = {60E24D31-A4F5-4F4D-A2AB-313A1D1B3430}
		{05A0AFE3-EA6C-41E4-8438-10DE24701DDB} = {931B8CBC-C5FD-4425-B84E-94AF5A4C7F45}
		{7D7903CE-5D1B-44B7-ABEE-E73ADC58C0A7} = {F00EF28A-FA63-4C48-BBB0-2F8AA62D9F8D}
		{F00EF28A-FA63-4C48-BBB0-2F8AA62D9F8D} = {05A0AFE3-EA6C-41E4-8438-10DE24701DDB}
		{877D5D14-6D0B-4A1A-B882-58FCDE8E24AE} = {F00EF28A-FA63-4C48-BBB0-2F8AA62D9F8D}
		{090145E6-4362-499C-B113-872253DC44C0} = {05A0AFE3-EA6C-41E4-8438-10DE24701DDB}
		{3335006E-18AA-455D-90BC-E4F1A428AFF7} = {090145E6-4362-499C-B113-872253DC44C0}
		{14A62F7F-4EDC-450B-BDAD-BF1B509E6A28} = {05A0AFE3-EA6C-41E4-8438-10DE24701DDB}
		{BC5F5712-BE4E-4151-A22F-423EEF97A6D7} = {14A62F7F-4EDC-450B-BDAD-BF1B509E6A28}
		{23FC3E09-3013-4C06-9A91-3BDA94EBD13F} = {931B8CBC-C5FD-4425-B84E-94AF5A4C7F45}
		{A7AA2E1A-68EE-42D6-BF83-C816A1192CD3} = {579D95CF-AF85-4854-A50C-FCF2662A1CE7}
		{8CE9C222-A3F5-4708-9465-EE15F61E17CB} = {FDFCBC68-DAC9-4495-A3DF-5832FB982374}
		{ECCA7A7B-F3B8-4BC8-9C25-1AA8701431D3} = {E0D54713-C7EA-485B-8EB3-B97DFE1E2808}
		{915AD32E-3113-4483-9DB7-21B7DD25E4E6} = {E0D54713-C7EA-485B-8EB3-B97DFE1E2808}
		{14250E82-979A-4242-9E19-8C966643FB9D} = {FDFCBC68-DAC9-4495-A3DF-5832FB982374}
		{7D9E41A8-CD8F-465C-A278-D81769A0C55D} = {D2C08F41-EB30-477A-9E94-C0E401403549}
		{9E3DCC91-04A1-4504-8E19-571D3CB1455D} = {D2C08F41-EB30-477A-9E94-C0E401403549}
		{D2C08F41-EB30-477A-9E94-C0E401403549} = {14250E82-979A-4242-9E19-8C966643FB9D}
		{E0D54713-C7EA-485B-8EB3-B97DFE1E2808} = {8CE9C222-A3F5-4708-9465-EE15F61E17CB}
		{579D95CF-AF85-4854-A50C-FCF2662A1CE7} = {23FC3E09-3013-4C06-9A91-3BDA94EBD13F}
		{5951ECFE-94A9-430D-8F41-64B2EF013E4C} = {FDFCBC68-DAC9-4495-A3DF-5832FB982374}
		{053B6020-FF25-407D-9786-42D7B7DBA5AB} = {1BDBF10D-75C6-4C58-B119-A978178DD554}
		{1BDBF10D-75C6-4C58-B119-A978178DD554} = {5951ECFE-94A9-430D-8F41-64B2EF013E4C}
		{FEB14FC4-AC3F-43A3-B8E9-1A41B3650B36} = {5951ECFE-94A9-430D-8F41-64B2EF013E4C}
		{CDC38848-35C1-4A99-96ED-4767BF821441} = {FEB14FC4-AC3F-43A3-B8E9-1A41B3650B36}
		{301FEAD2-5A26-4720-A19D-2CDB5B2F261B} = {55726360-3C66-4596-B80E-D730B457597A}
		{4FB89F56-ED49-4BA0-95CF-D643148C1CF4} = {301FEAD2-5A26-4720-A19D-2CDB5B2F261B}
		{0CFA50D6-10F9-40F8-B251-50A60FD88C4C} = {05A0AFE3-EA6C-41E4-8438-10DE24701DDB}
		{B7D835BE-1AA8-4D38-BF5A-477A34203335} = {05A0AFE3-EA6C-41E4-8438-10DE24701DDB}
		{20AA8598-B36C-4BE2-9367-8F7E36C00E7F} = {931B8CBC-C5FD-4425-B84E-94AF5A4C7F45}
		{23D86FE5-F8C0-4837-B6B6-F5B2CF40D46F} = {20AA8598-B36C-4BE2-9367-8F7E36C00E7F}
		{2DB7C556-CE07-440A-8856-3FC4037F0B10} = {23FC3E09-3013-4C06-9A91-3BDA94EBD13F}
		{A2DC5A7D-C370-4D53-B9B9-174E3001BE10} = {931B8CBC-C5FD-4425-B84E-94AF5A4C7F45}
		{9C996B07-A043-4152-A66D-6057782F0A97} = {A2DC5A7D-C370-4D53-B9B9-174E3001BE10}
		{E33E6498-E755-474B-92F8-346EBD1BB27E} = {931B8CBC-C5FD-4425-B84E-94AF5A4C7F45}
		{E516992B-FFD5-4BC8-A32B-8FCA7029EC6B} = {931B8CBC-C5FD-4425-B84E-94AF5A4C7F45}
		{C3DA89A9-60FF-4888-941C-EC31BAA74152} = {FDFCBC68-DAC9-4495-A3DF-5832FB982374}
		{27560A5B-D884-4C8D-8283-0665C7809BA2} = {C3DA89A9-60FF-4888-941C-EC31BAA74152}
		{72CCF5A3-BAC8-4A5F-B67B-73E90AF13D34} = {FDFCBC68-DAC9-4495-A3DF-5832FB982374}
		{441F6030-9C92-4A61-80A4-6CBBDB50AB89} = {72CCF5A3-BAC8-4A5F-B67B-73E90AF13D34}
		{D4F9CCBE-6554-48A1-B7B7-360099A44201} = {55726360-3C66-4596-B80E-D730B457597A}
		{B9126121-F034-4577-BB41-7BD9F65973CB} = {D4F9CCBE-6554-48A1-B7B7-360099A44201}
		{82B957A3-133B-47BB-BFB8-5E2E52006B80} = {8E3576CB-7839-4314-A58B-2EAA138AB527}
		{B87FF00A-A0FA-45F1-979D-06894FC4C3EA} = {82B957A3-133B-47BB-BFB8-5E2E52006B80}
	EndGlobalSection
	GlobalSection(ExtensibilityGlobals) = postSolution
		SolutionGuid = {5FC804C6-9299-433D-921F-74C512F14175}
	EndGlobalSection
EndGlobal
