
Microsoft Visual Studio Solution File, Format Version 12.00
# Visual Studio Version 17
VisualStudioVersion = 17.4.33213.308
MinimumVisualStudioVersion = 10.0.40219.1
Project("{2150E333-8FDC-42A3-9474-1A3956D46DE8}") = "Creational Patterns", "Creational Patterns", "{931B8CBC-C5FD-4425-B84E-94AF5A4C7F45}"
EndProject
Project("{2150E333-8FDC-42A3-9474-1A3956D46DE8}") = "Structueral Patterns", "Structueral Patterns", "{FDFCBC68-DAC9-4495-A3DF-5832FB982374}"
EndProject
Project("{2150E333-8FDC-42A3-9474-1A3956D46DE8}") = "Behavioral", "Behavioral", "{8E3576CB-7839-4314-A58B-2EAA138AB527}"
EndProject
Project("{2150E333-8FDC-42A3-9474-1A3956D46DE8}") = "Composite", "Composite", "{52174505-388C-4293-AC11-619E8A713DA3}"
EndProject
Project("{2150E333-8FDC-42A3-9474-1A3956D46DE8}") = "MenuProject", "MenuProject", "{30878F4A-DD9E-41A6-885B-8B6E0ADA77CA}"
EndProject
Project("{2150E333-8FDC-42A3-9474-1A3956D46DE8}") = "DirectoryProject", "DirectoryProject", "{01CF2FC9-9830-4399-A5A0-A9DF06118E4C}"
EndProject
Project("{2150E333-8FDC-42A3-9474-1A3956D46DE8}") = "MediaProject", "MediaProject", "{60E24D31-A4F5-4F4D-A2AB-313A1D1B3430}"
EndProject
Project("{2150E333-8FDC-42A3-9474-1A3956D46DE8}") = "Builder", "Builder", "{05A0AFE3-EA6C-41E4-8438-10DE24701DDB}"
EndProject
Project("{2150E333-8FDC-42A3-9474-1A3956D46DE8}") = "PhoneProject", "PhoneProject", "{F00EF28A-FA63-4C48-BBB0-2F8AA62D9F8D}"
EndProject
Project("{2150E333-8FDC-42A3-9474-1A3956D46DE8}") = "MazeProject", "MazeProject", "{090145E6-4362-499C-B113-872253DC44C0}"
EndProject
Project("{2150E333-8FDC-42A3-9474-1A3956D46DE8}") = "ReportingProject", "ReportingProject", "{14A62F7F-4EDC-450B-BDAD-BF1B509E6A28}"
EndProject
Project("{9A19103F-16F7-4668-BE54-9A1E7A4F7556}") = "Documentation", "Documentation\Documentation.csproj", "{54E67901-0F23-4407-9706-275025C36FFA}"
EndProject
Project("{2150E333-8FDC-42A3-9474-1A3956D46DE8}") = "FactoryMethod", "FactoryMethod", "{23FC3E09-3013-4C06-9A91-3BDA94EBD13F}"
EndProject
Project("{2150E333-8FDC-42A3-9474-1A3956D46DE8}") = "Proxy", "Proxy", "{8CE9C222-A3F5-4708-9465-EE15F61E17CB}"
EndProject
Project("{2150E333-8FDC-42A3-9474-1A3956D46DE8}") = "Flyweight", "Flyweight", "{14250E82-979A-4242-9E19-8C966643FB9D}"
EndProject
Project("{2150E333-8FDC-42A3-9474-1A3956D46DE8}") = "TreeCreatorProject", "TreeCreatorProject", "{D2C08F41-EB30-477A-9E94-C0E401403549}"
EndProject
Project("{2150E333-8FDC-42A3-9474-1A3956D46DE8}") = "GISCashingProject", "GISCashingProject", "{E0D54713-C7EA-485B-8EB3-B97DFE1E2808}"
EndProject
Project("{2150E333-8FDC-42A3-9474-1A3956D46DE8}") = "DoorGenrator", "DoorGenrator", "{579D95CF-AF85-4854-A50C-FCF2662A1CE7}"
EndProject
Project("{2150E333-8FDC-42A3-9474-1A3956D46DE8}") = "Facade", "Facade", "{5951ECFE-94A9-430D-8F41-64B2EF013E4C}"
EndProject
Project("{2150E333-8FDC-42A3-9474-1A3956D46DE8}") = "ServiceBankProject", "ServiceBankProject", "{1BDBF10D-75C6-4C58-B119-A978178DD554}"
EndProject
Project("{2150E333-8FDC-42A3-9474-1A3956D46DE8}") = "TicketAirProject", "TicketAirProject", "{FEB14FC4-AC3F-43A3-B8E9-1A41B3650B36}"
EndProject
Project("{2150E333-8FDC-42A3-9474-1A3956D46DE8}") = "Design", "Design", "{55726360-3C66-4596-B80E-D730B457597A}"
EndProject
Project("{2150E333-8FDC-42A3-9474-1A3956D46DE8}") = "Composition Over Inheritance", "Composition Over Inheritance", "{301FEAD2-5A26-4720-A19D-2CDB5B2F261B}"
EndProject
Project("{2150E333-8FDC-42A3-9474-1A3956D46DE8}") = "Simple Factory", "Simple Factory", "{20AA8598-B36C-4BE2-9367-8F7E36C00E7F}"
EndProject
Project("{2150E333-8FDC-42A3-9474-1A3956D46DE8}") = "AbstractFactory", "AbstractFactory", "{A2DC5A7D-C370-4D53-B9B9-174E3001BE10}"
EndProject
Project("{2150E333-8FDC-42A3-9474-1A3956D46DE8}") = "Prototype", "Prototype", "{E33E6498-E755-474B-92F8-346EBD1BB27E}"
EndProject
Project("{2150E333-8FDC-42A3-9474-1A3956D46DE8}") = "Singleton", "Singleton", "{E516992B-FFD5-4BC8-A32B-8FCA7029EC6B}"
EndProject
Project("{2150E333-8FDC-42A3-9474-1A3956D46DE8}") = "Adapter", "Adapter", "{C3DA89A9-60FF-4888-941C-EC31BAA74152}"
EndProject
Project("{2150E333-8FDC-42A3-9474-1A3956D46DE8}") = "Bridge", "Bridge", "{72CCF5A3-BAC8-4A5F-B67B-73E90AF13D34}"
EndProject
Project("{2150E333-8FDC-42A3-9474-1A3956D46DE8}") = "SpacificationPattern", "SpacificationPattern", "{D4F9CCBE-6554-48A1-B7B7-360099A44201}"
EndProject
Project("{9A19103F-16F7-4668-BE54-9A1E7A4F7556}") = "SeedData", "SeedData\SeedData.csproj", "{E5C7A5BC-7118-4C25-B312-B958ED0F2915}"
EndProject
Project("{2150E333-8FDC-42A3-9474-1A3956D46DE8}") = "ChainOfResponsibility", "ChainOfResponsibility", "{82B957A3-133B-47BB-BFB8-5E2E52006B80}"
EndProject
Project("{2150E333-8FDC-42A3-9474-1A3956D46DE8}") = "Visitor", "Visitor", "{E4472E41-FBF7-4FDE-88BD-020E0CC0ED55}"
EndProject
Project("{2150E333-8FDC-42A3-9474-1A3956D46DE8}") = "Iterator", "Iterator", "{89EFDC14-D95D-4747-842D-CE788B246BC1}"
EndProject
Project("{FAE04EC0-301F-11D3-BF4B-00C04F79EFBC}") = "TableFactory", "Creational\AbstractFactory\TableFactory\TableFactory.csproj", "{CC1F15B3-308D-4D21-88F9-84DFC7BE90B7}"
EndProject
Project("{FAE04EC0-301F-11D3-BF4B-00C04F79EFBC}") = "PizzaShopFactoryMethod", "Creational\FactoryMethod\PizzaShopFactoryMethod\PizzaShopFactoryMethod.csproj", "{A34560E7-B8C9-4E4D-8E14-0D95FD6228CC}"
EndProject
Project("{FAE04EC0-301F-11D3-BF4B-00C04F79EFBC}") = "DoorManufacturer", "Creational\FactoryMethod\DoorManufacturer\DoorManufacturer.csproj", "{D2C80809-D1C6-4DC2-9993-96BBEA52515C}"
EndProject
Project("{FAE04EC0-301F-11D3-BF4B-00C04F79EFBC}") = "PizaShop", "Creational\Simple Factory\PizaShop\PizaShop.csproj", "{ED98C8A3-CDEC-4205-B196-467C6BA1250F}"
EndProject
Project("{FAE04EC0-301F-11D3-BF4B-00C04F79EFBC}") = "CustomHttpClientRequestBuilder", "Creational\Builder\CustomHttpClientRequestBuilder\CustomHttpClientRequestBuilder.csproj", "{F133E6FA-8548-4D83-9A27-102ED58492B3}"
EndProject
Project("{FAE04EC0-301F-11D3-BF4B-00C04F79EFBC}") = "ComputerStore", "Creational\Builder\ComputerStore\ComputerStore.csproj", "{E67ED5A2-CB52-488A-9DC9-2E01A404DC39}"
EndProject
Project("{FAE04EC0-301F-11D3-BF4B-00C04F79EFBC}") = "Creational.Builder.HtmlTagAndPersonBuilder", "Creational\Builder\HtmlTagGenerator\Creational.Builder.HtmlTagAndPersonBuilder.csproj", "{2FAF3E3E-770B-49B7-82F1-D3B813C541B1}"
EndProject
Project("{FAE04EC0-301F-11D3-BF4B-00C04F79EFBC}") = "MazeGame", "Creational\Builder\MazeGame\MazeGame.csproj", "{BDD8D02B-F511-4B2B-BD7E-D80CC6AA6239}"
EndProject
Project("{FAE04EC0-301F-11D3-BF4B-00C04F79EFBC}") = "PhoneGenerator", "Creational\Builder\PhoneGenerator\PhoneGenerator.csproj", "{94F5862D-DEE6-4084-893F-EF26263D5552}"
EndProject
Project("{FAE04EC0-301F-11D3-BF4B-00C04F79EFBC}") = "PhoneGenerator.Test", "Creational\Builder\PhoneGenerator.Test\PhoneGenerator.Test.csproj", "{CD9F99CE-1ADB-424A-8AF9-979F9FEE89D3}"
EndProject
Project("{FAE04EC0-301F-11D3-BF4B-00C04F79EFBC}") = "Reporting", "Creational\Builder\Reporting\Reporting.csproj", "{3685FF2D-F18F-4F1D-B5B9-41B697F3FC8A}"
EndProject
Project("{FAE04EC0-301F-11D3-BF4B-00C04F79EFBC}") = "Behavioral.Iterator.SocialNetworkProfile", "Behavioral\Iterator\SocialNetworkProfile\Behavioral.Iterator.SocialNetworkProfile.csproj", "{A177A4E3-4A3E-4EA0-922E-3CA23AAED925}"
EndProject
Project("{FAE04EC0-301F-11D3-BF4B-00C04F79EFBC}") = "Behavioral.ChainOfResponsibility.CheckUsers", "Behavioral\ChainOfResponsibility\ChainOfResponsibility\Behavioral.ChainOfResponsibility.CheckUsers.csproj", "{BA7CD320-5029-45EF-8D31-F65890B837CE}"
EndProject
Project("{FAE04EC0-301F-11D3-BF4B-00C04F79EFBC}") = "UserSearch", "Design\SpacificationPattern\UserSearch\UserSearch.csproj", "{F9C2B9CB-D1A0-410D-95BA-441A1CB6B9FE}"
EndProject
Project("{FAE04EC0-301F-11D3-BF4B-00C04F79EFBC}") = "CompositionOverInheritance", "Design\Composition Over Inheritance\CompositionOverInheritance\CompositionOverInheritance.csproj", "{9517FA19-6158-4948-9846-9D0541D32854}"
EndProject
Project("{FAE04EC0-301F-11D3-BF4B-00C04F79EFBC}") = "GISProject", "Structural\Proxy\GISProject\GISProject.csproj", "{AEC0A405-A9BC-4669-9304-59A7DF87686F}"
EndProject
Project("{FAE04EC0-301F-11D3-BF4B-00C04F79EFBC}") = "GISProject.Test", "Structural\Proxy\GISProject.Test\GISProject.Test.csproj", "{9196CCE9-A1EA-4F49-AC93-31BA6F53742C}"
EndProject
Project("{FAE04EC0-301F-11D3-BF4B-00C04F79EFBC}") = "MessageSender", "Structural\Adapter\MessageSender\MessageSender.csproj", "{0CFC1C41-AAC8-4822-908D-33B15D398F53}"
EndProject
Project("{FAE04EC0-301F-11D3-BF4B-00C04F79EFBC}") = "CarSample", "Structural\Bridge\CarSample\CarSample.csproj", "{ABB49749-5F3C-441B-9071-BA9FC93D5831}"
EndProject
Project("{FAE04EC0-301F-11D3-BF4B-00C04F79EFBC}") = "Directory", "Structural\Composite\Directory\Directory.csproj", "{D5178C20-5B59-43F3-906D-650084D0E33F}"
EndProject
Project("{FAE04EC0-301F-11D3-BF4B-00C04F79EFBC}") = "Directory.Test", "Structural\Composite\Directory.Test\Directory.Test.csproj", "{89699BBF-63C5-4CCD-BA67-BE8CBC16C881}"
EndProject
Project("{FAE04EC0-301F-11D3-BF4B-00C04F79EFBC}") = "Media", "Structural\Composite\Media\Media.csproj", "{B6B2F4B1-480D-4477-A279-0FF8D59FB4C5}"
EndProject
Project("{FAE04EC0-301F-11D3-BF4B-00C04F79EFBC}") = "Media.Test", "Structural\Composite\Media.Test\Media.Test.csproj", "{0A770039-7F21-45F0-81D0-A8173A6B0270}"
EndProject
Project("{FAE04EC0-301F-11D3-BF4B-00C04F79EFBC}") = "Menu", "Structural\Composite\Menu\Menu.csproj", "{E596DE3B-B5E0-4E24-8F9F-7594C9ABD938}"
EndProject
Project("{FAE04EC0-301F-11D3-BF4B-00C04F79EFBC}") = "Menu.Test", "Structural\Composite\Menu.Test\Menu.Test.csproj", "{64983D69-B4BC-422F-B6BC-AADB746C3BD2}"
EndProject
Project("{FAE04EC0-301F-11D3-BF4B-00C04F79EFBC}") = "ServiceBacnkProject", "Structural\Facade\ServiceBacnkProject\ServiceBacnkProject.csproj", "{A81CF11F-3386-4F81-B9EB-1241A9030F2F}"
EndProject
Project("{FAE04EC0-301F-11D3-BF4B-00C04F79EFBC}") = "TicketAir", "Structural\Facade\TicketAir\TicketAir.csproj", "{B5E282DB-BA00-40DC-BB97-3A6F9F87C7CE}"
EndProject
Project("{FAE04EC0-301F-11D3-BF4B-00C04F79EFBC}") = "TreeProject", "Structural\Flyweight\TreeProject\TreeProject.csproj", "{E6D404D1-9E1A-45FD-8993-A630D54BB921}"
EndProject
Project("{FAE04EC0-301F-11D3-BF4B-00C04F79EFBC}") = "TreeProject.Test", "Structural\Flyweight\TreeProject.Test\TreeProject.Test.csproj", "{B0A2B45E-38A4-4DE1-A450-5DF4FCD97C4D}"
EndProject
Project("{2150E333-8FDC-42A3-9474-1A3956D46DE8}") = "Mediator", "Mediator", "{66AE8FEB-F429-4211-A043-DF8E03974F58}"
EndProject
Project("{FAE04EC0-301F-11D3-BF4B-00C04F79EFBC}") = "Behavioral.Mediator.Airport", "Behavioral.Mediator.Airport\Behavioral.Mediator.Airport.csproj", "{3C59A8D4-ACC3-4E5D-B5DF-406F3F4D568E}"
EndProject
Global
	GlobalSection(SolutionConfigurationPlatforms) = preSolution
		Debug|Any CPU = Debug|Any CPU
		Release|Any CPU = Release|Any CPU
	EndGlobalSection
	GlobalSection(ProjectConfigurationPlatforms) = postSolution
		{54E67901-0F23-4407-9706-275025C36FFA}.Debug|Any CPU.ActiveCfg = Debug|Any CPU
		{54E67901-0F23-4407-9706-275025C36FFA}.Debug|Any CPU.Build.0 = Debug|Any CPU
		{54E67901-0F23-4407-9706-275025C36FFA}.Release|Any CPU.ActiveCfg = Release|Any CPU
		{54E67901-0F23-4407-9706-275025C36FFA}.Release|Any CPU.Build.0 = Release|Any CPU
		{E5C7A5BC-7118-4C25-B312-B958ED0F2915}.Debug|Any CPU.ActiveCfg = Debug|Any CPU
		{E5C7A5BC-7118-4C25-B312-B958ED0F2915}.Debug|Any CPU.Build.0 = Debug|Any CPU
		{E5C7A5BC-7118-4C25-B312-B958ED0F2915}.Release|Any CPU.ActiveCfg = Release|Any CPU
		{E5C7A5BC-7118-4C25-B312-B958ED0F2915}.Release|Any CPU.Build.0 = Release|Any CPU
		{CC1F15B3-308D-4D21-88F9-84DFC7BE90B7}.Debug|Any CPU.ActiveCfg = Debug|Any CPU
		{CC1F15B3-308D-4D21-88F9-84DFC7BE90B7}.Debug|Any CPU.Build.0 = Debug|Any CPU
		{CC1F15B3-308D-4D21-88F9-84DFC7BE90B7}.Release|Any CPU.ActiveCfg = Release|Any CPU
		{CC1F15B3-308D-4D21-88F9-84DFC7BE90B7}.Release|Any CPU.Build.0 = Release|Any CPU
		{A34560E7-B8C9-4E4D-8E14-0D95FD6228CC}.Debug|Any CPU.ActiveCfg = Debug|Any CPU
		{A34560E7-B8C9-4E4D-8E14-0D95FD6228CC}.Debug|Any CPU.Build.0 = Debug|Any CPU
		{A34560E7-B8C9-4E4D-8E14-0D95FD6228CC}.Release|Any CPU.ActiveCfg = Release|Any CPU
		{A34560E7-B8C9-4E4D-8E14-0D95FD6228CC}.Release|Any CPU.Build.0 = Release|Any CPU
		{D2C80809-D1C6-4DC2-9993-96BBEA52515C}.Debug|Any CPU.ActiveCfg = Debug|Any CPU
		{D2C80809-D1C6-4DC2-9993-96BBEA52515C}.Debug|Any CPU.Build.0 = Debug|Any CPU
		{D2C80809-D1C6-4DC2-9993-96BBEA52515C}.Release|Any CPU.ActiveCfg = Release|Any CPU
		{D2C80809-D1C6-4DC2-9993-96BBEA52515C}.Release|Any CPU.Build.0 = Release|Any CPU
		{ED98C8A3-CDEC-4205-B196-467C6BA1250F}.Debug|Any CPU.ActiveCfg = Debug|Any CPU
		{ED98C8A3-CDEC-4205-B196-467C6BA1250F}.Debug|Any CPU.Build.0 = Debug|Any CPU
		{ED98C8A3-CDEC-4205-B196-467C6BA1250F}.Release|Any CPU.ActiveCfg = Release|Any CPU
		{ED98C8A3-CDEC-4205-B196-467C6BA1250F}.Release|Any CPU.Build.0 = Release|Any CPU
		{F133E6FA-8548-4D83-9A27-102ED58492B3}.Debug|Any CPU.ActiveCfg = Debug|Any CPU
		{F133E6FA-8548-4D83-9A27-102ED58492B3}.Debug|Any CPU.Build.0 = Debug|Any CPU
		{F133E6FA-8548-4D83-9A27-102ED58492B3}.Release|Any CPU.ActiveCfg = Release|Any CPU
		{F133E6FA-8548-4D83-9A27-102ED58492B3}.Release|Any CPU.Build.0 = Release|Any CPU
		{E67ED5A2-CB52-488A-9DC9-2E01A404DC39}.Debug|Any CPU.ActiveCfg = Debug|Any CPU
		{E67ED5A2-CB52-488A-9DC9-2E01A404DC39}.Debug|Any CPU.Build.0 = Debug|Any CPU
		{E67ED5A2-CB52-488A-9DC9-2E01A404DC39}.Release|Any CPU.ActiveCfg = Release|Any CPU
		{E67ED5A2-CB52-488A-9DC9-2E01A404DC39}.Release|Any CPU.Build.0 = Release|Any CPU
		{2FAF3E3E-770B-49B7-82F1-D3B813C541B1}.Debug|Any CPU.ActiveCfg = Debug|Any CPU
		{2FAF3E3E-770B-49B7-82F1-D3B813C541B1}.Debug|Any CPU.Build.0 = Debug|Any CPU
		{2FAF3E3E-770B-49B7-82F1-D3B813C541B1}.Release|Any CPU.ActiveCfg = Release|Any CPU
		{2FAF3E3E-770B-49B7-82F1-D3B813C541B1}.Release|Any CPU.Build.0 = Release|Any CPU
		{BDD8D02B-F511-4B2B-BD7E-D80CC6AA6239}.Debug|Any CPU.ActiveCfg = Debug|Any CPU
		{BDD8D02B-F511-4B2B-BD7E-D80CC6AA6239}.Debug|Any CPU.Build.0 = Debug|Any CPU
		{BDD8D02B-F511-4B2B-BD7E-D80CC6AA6239}.Release|Any CPU.ActiveCfg = Release|Any CPU
		{BDD8D02B-F511-4B2B-BD7E-D80CC6AA6239}.Release|Any CPU.Build.0 = Release|Any CPU
		{94F5862D-DEE6-4084-893F-EF26263D5552}.Debug|Any CPU.ActiveCfg = Debug|Any CPU
		{94F5862D-DEE6-4084-893F-EF26263D5552}.Debug|Any CPU.Build.0 = Debug|Any CPU
		{94F5862D-DEE6-4084-893F-EF26263D5552}.Release|Any CPU.ActiveCfg = Release|Any CPU
		{94F5862D-DEE6-4084-893F-EF26263D5552}.Release|Any CPU.Build.0 = Release|Any CPU
		{CD9F99CE-1ADB-424A-8AF9-979F9FEE89D3}.Debug|Any CPU.ActiveCfg = Debug|Any CPU
		{CD9F99CE-1ADB-424A-8AF9-979F9FEE89D3}.Debug|Any CPU.Build.0 = Debug|Any CPU
		{CD9F99CE-1ADB-424A-8AF9-979F9FEE89D3}.Release|Any CPU.ActiveCfg = Release|Any CPU
		{CD9F99CE-1ADB-424A-8AF9-979F9FEE89D3}.Release|Any CPU.Build.0 = Release|Any CPU
		{3685FF2D-F18F-4F1D-B5B9-41B697F3FC8A}.Debug|Any CPU.ActiveCfg = Debug|Any CPU
		{3685FF2D-F18F-4F1D-B5B9-41B697F3FC8A}.Debug|Any CPU.Build.0 = Debug|Any CPU
		{3685FF2D-F18F-4F1D-B5B9-41B697F3FC8A}.Release|Any CPU.ActiveCfg = Release|Any CPU
		{3685FF2D-F18F-4F1D-B5B9-41B697F3FC8A}.Release|Any CPU.Build.0 = Release|Any CPU
		{A177A4E3-4A3E-4EA0-922E-3CA23AAED925}.Debug|Any CPU.ActiveCfg = Debug|Any CPU
		{A177A4E3-4A3E-4EA0-922E-3CA23AAED925}.Debug|Any CPU.Build.0 = Debug|Any CPU
		{A177A4E3-4A3E-4EA0-922E-3CA23AAED925}.Release|Any CPU.ActiveCfg = Release|Any CPU
		{A177A4E3-4A3E-4EA0-922E-3CA23AAED925}.Release|Any CPU.Build.0 = Release|Any CPU
		{BA7CD320-5029-45EF-8D31-F65890B837CE}.Debug|Any CPU.ActiveCfg = Debug|Any CPU
		{BA7CD320-5029-45EF-8D31-F65890B837CE}.Debug|Any CPU.Build.0 = Debug|Any CPU
		{BA7CD320-5029-45EF-8D31-F65890B837CE}.Release|Any CPU.ActiveCfg = Release|Any CPU
		{BA7CD320-5029-45EF-8D31-F65890B837CE}.Release|Any CPU.Build.0 = Release|Any CPU
		{F9C2B9CB-D1A0-410D-95BA-441A1CB6B9FE}.Debug|Any CPU.ActiveCfg = Debug|Any CPU
		{F9C2B9CB-D1A0-410D-95BA-441A1CB6B9FE}.Debug|Any CPU.Build.0 = Debug|Any CPU
		{F9C2B9CB-D1A0-410D-95BA-441A1CB6B9FE}.Release|Any CPU.ActiveCfg = Release|Any CPU
		{F9C2B9CB-D1A0-410D-95BA-441A1CB6B9FE}.Release|Any CPU.Build.0 = Release|Any CPU
		{9517FA19-6158-4948-9846-9D0541D32854}.Debug|Any CPU.ActiveCfg = Debug|Any CPU
		{9517FA19-6158-4948-9846-9D0541D32854}.Debug|Any CPU.Build.0 = Debug|Any CPU
		{9517FA19-6158-4948-9846-9D0541D32854}.Release|Any CPU.ActiveCfg = Release|Any CPU
		{9517FA19-6158-4948-9846-9D0541D32854}.Release|Any CPU.Build.0 = Release|Any CPU
		{AEC0A405-A9BC-4669-9304-59A7DF87686F}.Debug|Any CPU.ActiveCfg = Debug|Any CPU
		{AEC0A405-A9BC-4669-9304-59A7DF87686F}.Debug|Any CPU.Build.0 = Debug|Any CPU
		{AEC0A405-A9BC-4669-9304-59A7DF87686F}.Release|Any CPU.ActiveCfg = Release|Any CPU
		{AEC0A405-A9BC-4669-9304-59A7DF87686F}.Release|Any CPU.Build.0 = Release|Any CPU
		{9196CCE9-A1EA-4F49-AC93-31BA6F53742C}.Debug|Any CPU.ActiveCfg = Debug|Any CPU
		{9196CCE9-A1EA-4F49-AC93-31BA6F53742C}.Debug|Any CPU.Build.0 = Debug|Any CPU
		{9196CCE9-A1EA-4F49-AC93-31BA6F53742C}.Release|Any CPU.ActiveCfg = Release|Any CPU
		{9196CCE9-A1EA-4F49-AC93-31BA6F53742C}.Release|Any CPU.Build.0 = Release|Any CPU
		{0CFC1C41-AAC8-4822-908D-33B15D398F53}.Debug|Any CPU.ActiveCfg = Debug|Any CPU
		{0CFC1C41-AAC8-4822-908D-33B15D398F53}.Debug|Any CPU.Build.0 = Debug|Any CPU
		{0CFC1C41-AAC8-4822-908D-33B15D398F53}.Release|Any CPU.ActiveCfg = Release|Any CPU
		{0CFC1C41-AAC8-4822-908D-33B15D398F53}.Release|Any CPU.Build.0 = Release|Any CPU
		{ABB49749-5F3C-441B-9071-BA9FC93D5831}.Debug|Any CPU.ActiveCfg = Debug|Any CPU
		{ABB49749-5F3C-441B-9071-BA9FC93D5831}.Debug|Any CPU.Build.0 = Debug|Any CPU
		{ABB49749-5F3C-441B-9071-BA9FC93D5831}.Release|Any CPU.ActiveCfg = Release|Any CPU
		{ABB49749-5F3C-441B-9071-BA9FC93D5831}.Release|Any CPU.Build.0 = Release|Any CPU
		{D5178C20-5B59-43F3-906D-650084D0E33F}.Debug|Any CPU.ActiveCfg = Debug|Any CPU
		{D5178C20-5B59-43F3-906D-650084D0E33F}.Debug|Any CPU.Build.0 = Debug|Any CPU
		{D5178C20-5B59-43F3-906D-650084D0E33F}.Release|Any CPU.ActiveCfg = Release|Any CPU
		{D5178C20-5B59-43F3-906D-650084D0E33F}.Release|Any CPU.Build.0 = Release|Any CPU
		{89699BBF-63C5-4CCD-BA67-BE8CBC16C881}.Debug|Any CPU.ActiveCfg = Debug|Any CPU
		{89699BBF-63C5-4CCD-BA67-BE8CBC16C881}.Debug|Any CPU.Build.0 = Debug|Any CPU
		{89699BBF-63C5-4CCD-BA67-BE8CBC16C881}.Release|Any CPU.ActiveCfg = Release|Any CPU
		{89699BBF-63C5-4CCD-BA67-BE8CBC16C881}.Release|Any CPU.Build.0 = Release|Any CPU
		{B6B2F4B1-480D-4477-A279-0FF8D59FB4C5}.Debug|Any CPU.ActiveCfg = Debug|Any CPU
		{B6B2F4B1-480D-4477-A279-0FF8D59FB4C5}.Debug|Any CPU.Build.0 = Debug|Any CPU
		{B6B2F4B1-480D-4477-A279-0FF8D59FB4C5}.Release|Any CPU.ActiveCfg = Release|Any CPU
		{B6B2F4B1-480D-4477-A279-0FF8D59FB4C5}.Release|Any CPU.Build.0 = Release|Any CPU
		{0A770039-7F21-45F0-81D0-A8173A6B0270}.Debug|Any CPU.ActiveCfg = Debug|Any CPU
		{0A770039-7F21-45F0-81D0-A8173A6B0270}.Debug|Any CPU.Build.0 = Debug|Any CPU
		{0A770039-7F21-45F0-81D0-A8173A6B0270}.Release|Any CPU.ActiveCfg = Release|Any CPU
		{0A770039-7F21-45F0-81D0-A8173A6B0270}.Release|Any CPU.Build.0 = Release|Any CPU
		{E596DE3B-B5E0-4E24-8F9F-7594C9ABD938}.Debug|Any CPU.ActiveCfg = Debug|Any CPU
		{E596DE3B-B5E0-4E24-8F9F-7594C9ABD938}.Debug|Any CPU.Build.0 = Debug|Any CPU
		{E596DE3B-B5E0-4E24-8F9F-7594C9ABD938}.Release|Any CPU.ActiveCfg = Release|Any CPU
		{E596DE3B-B5E0-4E24-8F9F-7594C9ABD938}.Release|Any CPU.Build.0 = Release|Any CPU
		{64983D69-B4BC-422F-B6BC-AADB746C3BD2}.Debug|Any CPU.ActiveCfg = Debug|Any CPU
		{64983D69-B4BC-422F-B6BC-AADB746C3BD2}.Debug|Any CPU.Build.0 = Debug|Any CPU
		{64983D69-B4BC-422F-B6BC-AADB746C3BD2}.Release|Any CPU.ActiveCfg = Release|Any CPU
		{64983D69-B4BC-422F-B6BC-AADB746C3BD2}.Release|Any CPU.Build.0 = Release|Any CPU
		{A81CF11F-3386-4F81-B9EB-1241A9030F2F}.Debug|Any CPU.ActiveCfg = Debug|Any CPU
		{A81CF11F-3386-4F81-B9EB-1241A9030F2F}.Debug|Any CPU.Build.0 = Debug|Any CPU
		{A81CF11F-3386-4F81-B9EB-1241A9030F2F}.Release|Any CPU.ActiveCfg = Release|Any CPU
		{A81CF11F-3386-4F81-B9EB-1241A9030F2F}.Release|Any CPU.Build.0 = Release|Any CPU
		{B5E282DB-BA00-40DC-BB97-3A6F9F87C7CE}.Debug|Any CPU.ActiveCfg = Debug|Any CPU
		{B5E282DB-BA00-40DC-BB97-3A6F9F87C7CE}.Debug|Any CPU.Build.0 = Debug|Any CPU
		{B5E282DB-BA00-40DC-BB97-3A6F9F87C7CE}.Release|Any CPU.ActiveCfg = Release|Any CPU
		{B5E282DB-BA00-40DC-BB97-3A6F9F87C7CE}.Release|Any CPU.Build.0 = Release|Any CPU
		{E6D404D1-9E1A-45FD-8993-A630D54BB921}.Debug|Any CPU.ActiveCfg = Debug|Any CPU
		{E6D404D1-9E1A-45FD-8993-A630D54BB921}.Debug|Any CPU.Build.0 = Debug|Any CPU
		{E6D404D1-9E1A-45FD-8993-A630D54BB921}.Release|Any CPU.ActiveCfg = Release|Any CPU
		{E6D404D1-9E1A-45FD-8993-A630D54BB921}.Release|Any CPU.Build.0 = Release|Any CPU
		{B0A2B45E-38A4-4DE1-A450-5DF4FCD97C4D}.Debug|Any CPU.ActiveCfg = Debug|Any CPU
		{B0A2B45E-38A4-4DE1-A450-5DF4FCD97C4D}.Debug|Any CPU.Build.0 = Debug|Any CPU
		{B0A2B45E-38A4-4DE1-A450-5DF4FCD97C4D}.Release|Any CPU.ActiveCfg = Release|Any CPU
		{B0A2B45E-38A4-4DE1-A450-5DF4FCD97C4D}.Release|Any CPU.Build.0 = Release|Any CPU
		{3C59A8D4-ACC3-4E5D-B5DF-406F3F4D568E}.Debug|Any CPU.ActiveCfg = Debug|Any CPU
		{3C59A8D4-ACC3-4E5D-B5DF-406F3F4D568E}.Debug|Any CPU.Build.0 = Debug|Any CPU
		{3C59A8D4-ACC3-4E5D-B5DF-406F3F4D568E}.Release|Any CPU.ActiveCfg = Release|Any CPU
		{3C59A8D4-ACC3-4E5D-B5DF-406F3F4D568E}.Release|Any CPU.Build.0 = Release|Any CPU
	EndGlobalSection
	GlobalSection(SolutionProperties) = preSolution
		HideSolutionNode = FALSE
	EndGlobalSection
	GlobalSection(NestedProjects) = preSolution
		{52174505-388C-4293-AC11-619E8A713DA3} = {FDFCBC68-DAC9-4495-A3DF-5832FB982374}
		{30878F4A-DD9E-41A6-885B-8B6E0ADA77CA} = {52174505-388C-4293-AC11-619E8A713DA3}
		{01CF2FC9-9830-4399-A5A0-A9DF06118E4C} = {52174505-388C-4293-AC11-619E8A713DA3}
		{60E24D31-A4F5-4F4D-A2AB-313A1D1B3430} = {52174505-388C-4293-AC11-619E8A713DA3}
		{05A0AFE3-EA6C-41E4-8438-10DE24701DDB} = {931B8CBC-C5FD-4425-B84E-94AF5A4C7F45}
		{F00EF28A-FA63-4C48-BBB0-2F8AA62D9F8D} = {05A0AFE3-EA6C-41E4-8438-10DE24701DDB}
		{090145E6-4362-499C-B113-872253DC44C0} = {05A0AFE3-EA6C-41E4-8438-10DE24701DDB}
		{14A62F7F-4EDC-450B-BDAD-BF1B509E6A28} = {05A0AFE3-EA6C-41E4-8438-10DE24701DDB}
		{23FC3E09-3013-4C06-9A91-3BDA94EBD13F} = {931B8CBC-C5FD-4425-B84E-94AF5A4C7F45}
		{8CE9C222-A3F5-4708-9465-EE15F61E17CB} = {FDFCBC68-DAC9-4495-A3DF-5832FB982374}
		{14250E82-979A-4242-9E19-8C966643FB9D} = {FDFCBC68-DAC9-4495-A3DF-5832FB982374}
		{D2C08F41-EB30-477A-9E94-C0E401403549} = {14250E82-979A-4242-9E19-8C966643FB9D}
		{E0D54713-C7EA-485B-8EB3-B97DFE1E2808} = {8CE9C222-A3F5-4708-9465-EE15F61E17CB}
		{579D95CF-AF85-4854-A50C-FCF2662A1CE7} = {23FC3E09-3013-4C06-9A91-3BDA94EBD13F}
		{5951ECFE-94A9-430D-8F41-64B2EF013E4C} = {FDFCBC68-DAC9-4495-A3DF-5832FB982374}
		{1BDBF10D-75C6-4C58-B119-A978178DD554} = {5951ECFE-94A9-430D-8F41-64B2EF013E4C}
		{FEB14FC4-AC3F-43A3-B8E9-1A41B3650B36} = {5951ECFE-94A9-430D-8F41-64B2EF013E4C}
		{301FEAD2-5A26-4720-A19D-2CDB5B2F261B} = {55726360-3C66-4596-B80E-D730B457597A}
		{20AA8598-B36C-4BE2-9367-8F7E36C00E7F} = {931B8CBC-C5FD-4425-B84E-94AF5A4C7F45}
		{A2DC5A7D-C370-4D53-B9B9-174E3001BE10} = {931B8CBC-C5FD-4425-B84E-94AF5A4C7F45}
		{E33E6498-E755-474B-92F8-346EBD1BB27E} = {931B8CBC-C5FD-4425-B84E-94AF5A4C7F45}
		{E516992B-FFD5-4BC8-A32B-8FCA7029EC6B} = {931B8CBC-C5FD-4425-B84E-94AF5A4C7F45}
		{C3DA89A9-60FF-4888-941C-EC31BAA74152} = {FDFCBC68-DAC9-4495-A3DF-5832FB982374}
		{72CCF5A3-BAC8-4A5F-B67B-73E90AF13D34} = {FDFCBC68-DAC9-4495-A3DF-5832FB982374}
		{D4F9CCBE-6554-48A1-B7B7-360099A44201} = {55726360-3C66-4596-B80E-D730B457597A}
		{82B957A3-133B-47BB-BFB8-5E2E52006B80} = {8E3576CB-7839-4314-A58B-2EAA138AB527}
		{E4472E41-FBF7-4FDE-88BD-020E0CC0ED55} = {8E3576CB-7839-4314-A58B-2EAA138AB527}
		{89EFDC14-D95D-4747-842D-CE788B246BC1} = {8E3576CB-7839-4314-A58B-2EAA138AB527}
		{CC1F15B3-308D-4D21-88F9-84DFC7BE90B7} = {A2DC5A7D-C370-4D53-B9B9-174E3001BE10}
		{A34560E7-B8C9-4E4D-8E14-0D95FD6228CC} = {23FC3E09-3013-4C06-9A91-3BDA94EBD13F}
		{D2C80809-D1C6-4DC2-9993-96BBEA52515C} = {579D95CF-AF85-4854-A50C-FCF2662A1CE7}
		{ED98C8A3-CDEC-4205-B196-467C6BA1250F} = {20AA8598-B36C-4BE2-9367-8F7E36C00E7F}
		{F133E6FA-8548-4D83-9A27-102ED58492B3} = {05A0AFE3-EA6C-41E4-8438-10DE24701DDB}
		{E67ED5A2-CB52-488A-9DC9-2E01A404DC39} = {05A0AFE3-EA6C-41E4-8438-10DE24701DDB}
		{2FAF3E3E-770B-49B7-82F1-D3B813C541B1} = {05A0AFE3-EA6C-41E4-8438-10DE24701DDB}
		{BDD8D02B-F511-4B2B-BD7E-D80CC6AA6239} = {090145E6-4362-499C-B113-872253DC44C0}
		{94F5862D-DEE6-4084-893F-EF26263D5552} = {F00EF28A-FA63-4C48-BBB0-2F8AA62D9F8D}
		{CD9F99CE-1ADB-424A-8AF9-979F9FEE89D3} = {F00EF28A-FA63-4C48-BBB0-2F8AA62D9F8D}
		{3685FF2D-F18F-4F1D-B5B9-41B697F3FC8A} = {14A62F7F-4EDC-450B-BDAD-BF1B509E6A28}
		{A177A4E3-4A3E-4EA0-922E-3CA23AAED925} = {89EFDC14-D95D-4747-842D-CE788B246BC1}
		{BA7CD320-5029-45EF-8D31-F65890B837CE} = {82B957A3-133B-47BB-BFB8-5E2E52006B80}
		{F9C2B9CB-D1A0-410D-95BA-441A1CB6B9FE} = {D4F9CCBE-6554-48A1-B7B7-360099A44201}
		{9517FA19-6158-4948-9846-9D0541D32854} = {301FEAD2-5A26-4720-A19D-2CDB5B2F261B}
		{AEC0A405-A9BC-4669-9304-59A7DF87686F} = {E0D54713-C7EA-485B-8EB3-B97DFE1E2808}
		{9196CCE9-A1EA-4F49-AC93-31BA6F53742C} = {E0D54713-C7EA-485B-8EB3-B97DFE1E2808}
		{0CFC1C41-AAC8-4822-908D-33B15D398F53} = {C3DA89A9-60FF-4888-941C-EC31BAA74152}
		{ABB49749-5F3C-441B-9071-BA9FC93D5831} = {72CCF5A3-BAC8-4A5F-B67B-73E90AF13D34}
		{D5178C20-5B59-43F3-906D-650084D0E33F} = {01CF2FC9-9830-4399-A5A0-A9DF06118E4C}
		{89699BBF-63C5-4CCD-BA67-BE8CBC16C881} = {01CF2FC9-9830-4399-A5A0-A9DF06118E4C}
		{B6B2F4B1-480D-4477-A279-0FF8D59FB4C5} = {60E24D31-A4F5-4F4D-A2AB-313A1D1B3430}
		{0A770039-7F21-45F0-81D0-A8173A6B0270} = {60E24D31-A4F5-4F4D-A2AB-313A1D1B3430}
		{E596DE3B-B5E0-4E24-8F9F-7594C9ABD938} = {30878F4A-DD9E-41A6-885B-8B6E0ADA77CA}
		{64983D69-B4BC-422F-B6BC-AADB746C3BD2} = {30878F4A-DD9E-41A6-885B-8B6E0ADA77CA}
		{A81CF11F-3386-4F81-B9EB-1241A9030F2F} = {1BDBF10D-75C6-4C58-B119-A978178DD554}
		{B5E282DB-BA00-40DC-BB97-3A6F9F87C7CE} = {FEB14FC4-AC3F-43A3-B8E9-1A41B3650B36}
		{E6D404D1-9E1A-45FD-8993-A630D54BB921} = {D2C08F41-EB30-477A-9E94-C0E401403549}
		{B0A2B45E-38A4-4DE1-A450-5DF4FCD97C4D} = {D2C08F41-EB30-477A-9E94-C0E401403549}
		{66AE8FEB-F429-4211-A043-DF8E03974F58} = {8E3576CB-7839-4314-A58B-2EAA138AB527}
		{3C59A8D4-ACC3-4E5D-B5DF-406F3F4D568E} = {66AE8FEB-F429-4211-A043-DF8E03974F58}
	EndGlobalSection
	GlobalSection(ExtensibilityGlobals) = postSolution
		SolutionGuid = {5FC804C6-9299-433D-921F-74C512F14175}
	EndGlobalSection
EndGlobal
